// !$*UTF8*$!
{
	archiveVersion = 1;
	classes = {
	};
	objectVersion = 56;
	objects = {

/* Begin PBXBuildFile section */
		C1708B812BEFFEC900ABB0B6 /* ProfileView.swift in Sources */ = {isa = PBXBuildFile; fileRef = C1708B802BEFFEC900ABB0B6 /* ProfileView.swift */; };
		C1708B832BEFFF1400ABB0B6 /* FindView.swift in Sources */ = {isa = PBXBuildFile; fileRef = C1708B822BEFFF1400ABB0B6 /* FindView.swift */; };
		C1708B852BF2789E00ABB0B6 /* DancerDetailViewModel.swift in Sources */ = {isa = PBXBuildFile; fileRef = C1708B842BF2789E00ABB0B6 /* DancerDetailViewModel.swift */; };
		C1708B872BF278CC00ABB0B6 /* Crew.swift in Sources */ = {isa = PBXBuildFile; fileRef = C1708B862BF278CC00ABB0B6 /* Crew.swift */; };
		C1708B892BF279D800ABB0B6 /* Enums.swift in Sources */ = {isa = PBXBuildFile; fileRef = C1708B882BF279D800ABB0B6 /* Enums.swift */; };
		C1708B8C2BF27EEC00ABB0B6 /* TagView.swift in Sources */ = {isa = PBXBuildFile; fileRef = C1708B8B2BF27EEC00ABB0B6 /* TagView.swift */; };
		C1741E132BF6B7D900582794 /* DancerImage.swift in Sources */ = {isa = PBXBuildFile; fileRef = C1741E122BF6B7D900582794 /* DancerImage.swift */; };
		C1741E162BF6B81800582794 /* ImageLoader.swift in Sources */ = {isa = PBXBuildFile; fileRef = C1741E152BF6B81800582794 /* ImageLoader.swift */; };
		C19E54372BEBECA700DC7AF1 /* movemakersApp.swift in Sources */ = {isa = PBXBuildFile; fileRef = C19E54362BEBECA700DC7AF1 /* movemakersApp.swift */; };
		C19E54392BEBECA700DC7AF1 /* ContentView.swift in Sources */ = {isa = PBXBuildFile; fileRef = C19E54382BEBECA700DC7AF1 /* ContentView.swift */; };
		C19E543B2BEBECA800DC7AF1 /* Assets.xcassets in Resources */ = {isa = PBXBuildFile; fileRef = C19E543A2BEBECA800DC7AF1 /* Assets.xcassets */; };
		C19E543E2BEBECA800DC7AF1 /* Preview Assets.xcassets in Resources */ = {isa = PBXBuildFile; fileRef = C19E543D2BEBECA800DC7AF1 /* Preview Assets.xcassets */; };
		C1D321F42BEBF313002E8EAF /* Dancer.swift in Sources */ = {isa = PBXBuildFile; fileRef = C1D321F32BEBF313002E8EAF /* Dancer.swift */; };
		C1D321F62BEC09CB002E8EAF /* DancerViewModel.swift in Sources */ = {isa = PBXBuildFile; fileRef = C1D321F52BEC09CB002E8EAF /* DancerViewModel.swift */; };
		C1FBAA022BEC0FDD001873E0 /* DancerRow.swift in Sources */ = {isa = PBXBuildFile; fileRef = C1FBAA012BEC0FDD001873E0 /* DancerRow.swift */; };
		C1FBAA042BEC13CD001873E0 /* DancerList.swift in Sources */ = {isa = PBXBuildFile; fileRef = C1FBAA032BEC13CD001873E0 /* DancerList.swift */; };
		C1FBAA062BEC156A001873E0 /* DancerDetail.swift in Sources */ = {isa = PBXBuildFile; fileRef = C1FBAA052BEC156A001873E0 /* DancerDetail.swift */; };
		C1FBAA082BEC1DFA001873E0 /* CircleImage.swift in Sources */ = {isa = PBXBuildFile; fileRef = C1FBAA072BEC1DFA001873E0 /* CircleImage.swift */; };
		C1FBAA132BED28E0001873E0 /* DancerDetail.swift in Sources */ = {isa = PBXBuildFile; fileRef = C1FBAA0F2BED28E0001873E0 /* DancerDetail.swift */; };
		C1FBAA142BED28E0001873E0 /* DancerList.swift in Sources */ = {isa = PBXBuildFile; fileRef = C1FBAA102BED28E0001873E0 /* DancerList.swift */; };
		C1FBAA152BED28E0001873E0 /* DancerRow.swift in Sources */ = {isa = PBXBuildFile; fileRef = C1FBAA112BED28E0001873E0 /* DancerRow.swift */; };
		C1FBAA192BED97E4001873E0 /* APIService.swift in Sources */ = {isa = PBXBuildFile; fileRef = C1FBAA182BED97E4001873E0 /* APIService.swift */; };
/* End PBXBuildFile section */

/* Begin PBXFileReference section */
		C1708B802BEFFEC900ABB0B6 /* ProfileView.swift */ = {isa = PBXFileReference; lastKnownFileType = sourcecode.swift; path = ProfileView.swift; sourceTree = "<group>"; };
		C1708B822BEFFF1400ABB0B6 /* FindView.swift */ = {isa = PBXFileReference; lastKnownFileType = sourcecode.swift; path = FindView.swift; sourceTree = "<group>"; };
		C1708B842BF2789E00ABB0B6 /* DancerDetailViewModel.swift */ = {isa = PBXFileReference; lastKnownFileType = sourcecode.swift; path = DancerDetailViewModel.swift; sourceTree = "<group>"; };
		C1708B862BF278CC00ABB0B6 /* Crew.swift */ = {isa = PBXFileReference; lastKnownFileType = sourcecode.swift; path = Crew.swift; sourceTree = "<group>"; };
		C1708B882BF279D800ABB0B6 /* Enums.swift */ = {isa = PBXFileReference; lastKnownFileType = sourcecode.swift; path = Enums.swift; sourceTree = "<group>"; };
		C1708B8B2BF27EEC00ABB0B6 /* TagView.swift */ = {isa = PBXFileReference; lastKnownFileType = sourcecode.swift; path = TagView.swift; sourceTree = "<group>"; };
		C1741E122BF6B7D900582794 /* DancerImage.swift */ = {isa = PBXFileReference; lastKnownFileType = sourcecode.swift; path = DancerImage.swift; sourceTree = "<group>"; };
		C1741E152BF6B81800582794 /* ImageLoader.swift */ = {isa = PBXFileReference; lastKnownFileType = sourcecode.swift; path = ImageLoader.swift; sourceTree = "<group>"; };
		C19E54332BEBECA700DC7AF1 /* movemakers.app */ = {isa = PBXFileReference; explicitFileType = wrapper.application; includeInIndex = 0; path = movemakers.app; sourceTree = BUILT_PRODUCTS_DIR; };
		C19E54362BEBECA700DC7AF1 /* movemakersApp.swift */ = {isa = PBXFileReference; lastKnownFileType = sourcecode.swift; path = movemakersApp.swift; sourceTree = "<group>"; };
		C19E54382BEBECA700DC7AF1 /* ContentView.swift */ = {isa = PBXFileReference; lastKnownFileType = sourcecode.swift; path = ContentView.swift; sourceTree = "<group>"; };
		C19E543A2BEBECA800DC7AF1 /* Assets.xcassets */ = {isa = PBXFileReference; lastKnownFileType = folder.assetcatalog; path = Assets.xcassets; sourceTree = "<group>"; };
		C19E543D2BEBECA800DC7AF1 /* Preview Assets.xcassets */ = {isa = PBXFileReference; lastKnownFileType = folder.assetcatalog; path = "Preview Assets.xcassets"; sourceTree = "<group>"; };
		C1D321F32BEBF313002E8EAF /* Dancer.swift */ = {isa = PBXFileReference; lastKnownFileType = sourcecode.swift; path = Dancer.swift; sourceTree = "<group>"; };
		C1D321F52BEC09CB002E8EAF /* DancerViewModel.swift */ = {isa = PBXFileReference; lastKnownFileType = sourcecode.swift; path = DancerViewModel.swift; sourceTree = "<group>"; };
		C1FBAA012BEC0FDD001873E0 /* DancerRow.swift */ = {isa = PBXFileReference; lastKnownFileType = sourcecode.swift; path = DancerRow.swift; sourceTree = "<group>"; };
		C1FBAA032BEC13CD001873E0 /* DancerList.swift */ = {isa = PBXFileReference; lastKnownFileType = sourcecode.swift; path = DancerList.swift; sourceTree = "<group>"; };
		C1FBAA052BEC156A001873E0 /* DancerDetail.swift */ = {isa = PBXFileReference; lastKnownFileType = sourcecode.swift; path = DancerDetail.swift; sourceTree = "<group>"; };
		C1FBAA072BEC1DFA001873E0 /* CircleImage.swift */ = {isa = PBXFileReference; lastKnownFileType = sourcecode.swift; path = CircleImage.swift; sourceTree = "<group>"; };
		C1FBAA0F2BED28E0001873E0 /* DancerDetail.swift */ = {isa = PBXFileReference; fileEncoding = 4; lastKnownFileType = sourcecode.swift; path = DancerDetail.swift; sourceTree = "<group>"; };
		C1FBAA102BED28E0001873E0 /* DancerList.swift */ = {isa = PBXFileReference; fileEncoding = 4; lastKnownFileType = sourcecode.swift; path = DancerList.swift; sourceTree = "<group>"; };
		C1FBAA112BED28E0001873E0 /* DancerRow.swift */ = {isa = PBXFileReference; fileEncoding = 4; lastKnownFileType = sourcecode.swift; path = DancerRow.swift; sourceTree = "<group>"; };
		C1FBAA182BED97E4001873E0 /* APIService.swift */ = {isa = PBXFileReference; lastKnownFileType = sourcecode.swift; path = APIService.swift; sourceTree = "<group>"; };
/* End PBXFileReference section */

/* Begin PBXFrameworksBuildPhase section */
		C19E54302BEBECA700DC7AF1 /* Frameworks */ = {
			isa = PBXFrameworksBuildPhase;
			buildActionMask = 2147483647;
			files = (
			);
			runOnlyForDeploymentPostprocessing = 0;
		};
/* End PBXFrameworksBuildPhase section */

/* Begin PBXGroup section */
		C1708B8A2BF27A0400ABB0B6 /* ViewModels */ = {
			isa = PBXGroup;
			children = (
				C1D321F52BEC09CB002E8EAF /* DancerViewModel.swift */,
				C1708B842BF2789E00ABB0B6 /* DancerDetailViewModel.swift */,
			);
			path = ViewModels;
			sourceTree = "<group>";
		};
		C1741E142BF6B80E00582794 /* Utils */ = {
			isa = PBXGroup;
			children = (
				C1741E152BF6B81800582794 /* ImageLoader.swift */,
			);
			path = Utils;
			sourceTree = "<group>";
		};
		C19E542A2BEBECA700DC7AF1 = {
			isa = PBXGroup;
			children = (
				C19E54352BEBECA700DC7AF1 /* movemakers */,
				C19E54342BEBECA700DC7AF1 /* Products */,
			);
			sourceTree = "<group>";
		};
		C19E54342BEBECA700DC7AF1 /* Products */ = {
			isa = PBXGroup;
			children = (
				C19E54332BEBECA700DC7AF1 /* movemakers.app */,
			);
			name = Products;
			sourceTree = "<group>";
		};
		C19E54352BEBECA700DC7AF1 /* movemakers */ = {
			isa = PBXGroup;
			children = (
				C1741E142BF6B80E00582794 /* Utils */,
				C1708B8A2BF27A0400ABB0B6 /* ViewModels */,
				C1FBAA172BED97D0001873E0 /* Services */,
				C1D321FA2BEC0A96002E8EAF /* Models */,
				C1D321F92BEC0A90002E8EAF /* Views */,
				C19E54362BEBECA700DC7AF1 /* movemakersApp.swift */,
				C19E543A2BEBECA800DC7AF1 /* Assets.xcassets */,
				C19E543C2BEBECA800DC7AF1 /* Preview Content */,
			);
			path = movemakers;
			sourceTree = "<group>";
		};
		C19E543C2BEBECA800DC7AF1 /* Preview Content */ = {
			isa = PBXGroup;
			children = (
				C19E543D2BEBECA800DC7AF1 /* Preview Assets.xcassets */,
			);
			path = "Preview Content";
			sourceTree = "<group>";
		};
		C1D321F92BEC0A90002E8EAF /* Views */ = {
			isa = PBXGroup;
			children = (
				C19E54382BEBECA700DC7AF1 /* ContentView.swift */,
				C1708B802BEFFEC900ABB0B6 /* ProfileView.swift */,
				C1708B822BEFFF1400ABB0B6 /* FindView.swift */,
				C1708B8B2BF27EEC00ABB0B6 /* TagView.swift */,
				C1FBAA0D2BED282C001873E0 /* Dancer */,
				C1FBAA0E2BED283A001873E0 /* Helper */,
			);
			path = Views;
			sourceTree = "<group>";
		};
		C1D321FA2BEC0A96002E8EAF /* Models */ = {
			isa = PBXGroup;
			children = (
				C1D321F32BEBF313002E8EAF /* Dancer.swift */,
				C1708B862BF278CC00ABB0B6 /* Crew.swift */,
				C1708B882BF279D800ABB0B6 /* Enums.swift */,
			);
			path = Models;
			sourceTree = "<group>";
		};
		C1FBAA0D2BED282C001873E0 /* Dancer */ = {
			isa = PBXGroup;
			children = (
				C1FBAA012BEC0FDD001873E0 /* DancerRow.swift */,
				C1FBAA032BEC13CD001873E0 /* DancerList.swift */,
				C1FBAA052BEC156A001873E0 /* DancerDetail.swift */,
				C1741E122BF6B7D900582794 /* DancerImage.swift */,
				C1FBAA122BED28E0001873E0 /* Dancer */,
			);
			path = Dancer;
			sourceTree = "<group>";
		};
		C1FBAA0E2BED283A001873E0 /* Helper */ = {
			isa = PBXGroup;
			children = (
				C1FBAA072BEC1DFA001873E0 /* CircleImage.swift */,
			);
			path = Helper;
			sourceTree = "<group>";
		};
		C1FBAA122BED28E0001873E0 /* Dancer */ = {
			isa = PBXGroup;
			children = (
				C1FBAA0F2BED28E0001873E0 /* DancerDetail.swift */,
				C1FBAA102BED28E0001873E0 /* DancerList.swift */,
				C1FBAA112BED28E0001873E0 /* DancerRow.swift */,
			);
			name = Dancer;
			sourceTree = "<group>";
		};
		C1FBAA172BED97D0001873E0 /* Services */ = {
			isa = PBXGroup;
			children = (
				C1FBAA182BED97E4001873E0 /* APIService.swift */,
			);
			path = Services;
			sourceTree = "<group>";
		};
/* End PBXGroup section */

/* Begin PBXNativeTarget section */
		C19E54322BEBECA700DC7AF1 /* movemakers */ = {
			isa = PBXNativeTarget;
			buildConfigurationList = C19E54412BEBECA800DC7AF1 /* Build configuration list for PBXNativeTarget "movemakers" */;
			buildPhases = (
				C19E542F2BEBECA700DC7AF1 /* Sources */,
				C19E54302BEBECA700DC7AF1 /* Frameworks */,
				C19E54312BEBECA700DC7AF1 /* Resources */,
			);
			buildRules = (
			);
			dependencies = (
			);
			name = movemakers;
			productName = movemakers;
			productReference = C19E54332BEBECA700DC7AF1 /* movemakers.app */;
			productType = "com.apple.product-type.application";
		};
/* End PBXNativeTarget section */

/* Begin PBXProject section */
		C19E542B2BEBECA700DC7AF1 /* Project object */ = {
			isa = PBXProject;
			attributes = {
				BuildIndependentTargetsInParallel = 1;
				LastSwiftUpdateCheck = 1530;
				LastUpgradeCheck = 1530;
				TargetAttributes = {
					C19E54322BEBECA700DC7AF1 = {
						CreatedOnToolsVersion = 15.3;
					};
				};
			};
			buildConfigurationList = C19E542E2BEBECA700DC7AF1 /* Build configuration list for PBXProject "movemakers" */;
			compatibilityVersion = "Xcode 14.0";
			developmentRegion = en;
			hasScannedForEncodings = 0;
			knownRegions = (
				en,
				Base,
			);
			mainGroup = C19E542A2BEBECA700DC7AF1;
			productRefGroup = C19E54342BEBECA700DC7AF1 /* Products */;
			projectDirPath = "";
			projectRoot = "";
			targets = (
				C19E54322BEBECA700DC7AF1 /* movemakers */,
			);
		};
/* End PBXProject section */

/* Begin PBXResourcesBuildPhase section */
		C19E54312BEBECA700DC7AF1 /* Resources */ = {
			isa = PBXResourcesBuildPhase;
			buildActionMask = 2147483647;
			files = (
				C19E543E2BEBECA800DC7AF1 /* Preview Assets.xcassets in Resources */,
				C19E543B2BEBECA800DC7AF1 /* Assets.xcassets in Resources */,
			);
			runOnlyForDeploymentPostprocessing = 0;
		};
/* End PBXResourcesBuildPhase section */

/* Begin PBXSourcesBuildPhase section */
		C19E542F2BEBECA700DC7AF1 /* Sources */ = {
			isa = PBXSourcesBuildPhase;
			buildActionMask = 2147483647;
			files = (
				C1FBAA142BED28E0001873E0 /* DancerList.swift in Sources */,
				C19E54392BEBECA700DC7AF1 /* ContentView.swift in Sources */,
				C1741E162BF6B81800582794 /* ImageLoader.swift in Sources */,
				C1FBAA082BEC1DFA001873E0 /* CircleImage.swift in Sources */,
				C1708B852BF2789E00ABB0B6 /* DancerDetailViewModel.swift in Sources */,
				C1FBAA062BEC156A001873E0 /* DancerDetail.swift in Sources */,
				C1708B832BEFFF1400ABB0B6 /* FindView.swift in Sources */,
				C1708B872BF278CC00ABB0B6 /* Crew.swift in Sources */,
				C1D321F62BEC09CB002E8EAF /* DancerViewModel.swift in Sources */,
				C1FBAA132BED28E0001873E0 /* DancerDetail.swift in Sources */,
				C1FBAA042BEC13CD001873E0 /* DancerList.swift in Sources */,
				C1FBAA022BEC0FDD001873E0 /* DancerRow.swift in Sources */,
				C1FBAA192BED97E4001873E0 /* APIService.swift in Sources */,
				C1D321F42BEBF313002E8EAF /* Dancer.swift in Sources */,
				C1741E132BF6B7D900582794 /* DancerImage.swift in Sources */,
				C1708B892BF279D800ABB0B6 /* Enums.swift in Sources */,
				C19E54372BEBECA700DC7AF1 /* movemakersApp.swift in Sources */,
				C1708B812BEFFEC900ABB0B6 /* ProfileView.swift in Sources */,
				C1FBAA152BED28E0001873E0 /* DancerRow.swift in Sources */,
				C1708B8C2BF27EEC00ABB0B6 /* TagView.swift in Sources */,
			);
			runOnlyForDeploymentPostprocessing = 0;
		};
/* End PBXSourcesBuildPhase section */

/* Begin XCBuildConfiguration section */
		C19E543F2BEBECA800DC7AF1 /* Debug */ = {
			isa = XCBuildConfiguration;
			buildSettings = {
				ALWAYS_SEARCH_USER_PATHS = NO;
				ASSETCATALOG_COMPILER_GENERATE_SWIFT_ASSET_SYMBOL_EXTENSIONS = YES;
				CLANG_ANALYZER_NONNULL = YES;
				CLANG_ANALYZER_NUMBER_OBJECT_CONVERSION = YES_AGGRESSIVE;
				CLANG_CXX_LANGUAGE_STANDARD = "gnu++20";
				CLANG_ENABLE_MODULES = YES;
				CLANG_ENABLE_OBJC_ARC = YES;
				CLANG_ENABLE_OBJC_WEAK = YES;
				CLANG_WARN_BLOCK_CAPTURE_AUTORELEASING = YES;
				CLANG_WARN_BOOL_CONVERSION = YES;
				CLANG_WARN_COMMA = YES;
				CLANG_WARN_CONSTANT_CONVERSION = YES;
				CLANG_WARN_DEPRECATED_OBJC_IMPLEMENTATIONS = YES;
				CLANG_WARN_DIRECT_OBJC_ISA_USAGE = YES_ERROR;
				CLANG_WARN_DOCUMENTATION_COMMENTS = YES;
				CLANG_WARN_EMPTY_BODY = YES;
				CLANG_WARN_ENUM_CONVERSION = YES;
				CLANG_WARN_INFINITE_RECURSION = YES;
				CLANG_WARN_INT_CONVERSION = YES;
				CLANG_WARN_NON_LITERAL_NULL_CONVERSION = YES;
				CLANG_WARN_OBJC_IMPLICIT_RETAIN_SELF = YES;
				CLANG_WARN_OBJC_LITERAL_CONVERSION = YES;
				CLANG_WARN_OBJC_ROOT_CLASS = YES_ERROR;
				CLANG_WARN_QUOTED_INCLUDE_IN_FRAMEWORK_HEADER = YES;
				CLANG_WARN_RANGE_LOOP_ANALYSIS = YES;
				CLANG_WARN_STRICT_PROTOTYPES = YES;
				CLANG_WARN_SUSPICIOUS_MOVE = YES;
				CLANG_WARN_UNGUARDED_AVAILABILITY = YES_AGGRESSIVE;
				CLANG_WARN_UNREACHABLE_CODE = YES;
				CLANG_WARN__DUPLICATE_METHOD_MATCH = YES;
				COPY_PHASE_STRIP = NO;
				DEBUG_INFORMATION_FORMAT = dwarf;
				ENABLE_STRICT_OBJC_MSGSEND = YES;
				ENABLE_TESTABILITY = YES;
				ENABLE_USER_SCRIPT_SANDBOXING = YES;
				GCC_C_LANGUAGE_STANDARD = gnu17;
				GCC_DYNAMIC_NO_PIC = NO;
				GCC_NO_COMMON_BLOCKS = YES;
				GCC_OPTIMIZATION_LEVEL = 0;
				GCC_PREPROCESSOR_DEFINITIONS = (
					"DEBUG=1",
					"$(inherited)",
				);
				GCC_WARN_64_TO_32_BIT_CONVERSION = YES;
				GCC_WARN_ABOUT_RETURN_TYPE = YES_ERROR;
				GCC_WARN_UNDECLARED_SELECTOR = YES;
				GCC_WARN_UNINITIALIZED_AUTOS = YES_AGGRESSIVE;
				GCC_WARN_UNUSED_FUNCTION = YES;
				GCC_WARN_UNUSED_VARIABLE = YES;
				IPHONEOS_DEPLOYMENT_TARGET = 17.4;
				LOCALIZATION_PREFERS_STRING_CATALOGS = YES;
				MTL_ENABLE_DEBUG_INFO = INCLUDE_SOURCE;
				MTL_FAST_MATH = YES;
				ONLY_ACTIVE_ARCH = YES;
				SDKROOT = iphoneos;
				SWIFT_ACTIVE_COMPILATION_CONDITIONS = "DEBUG $(inherited)";
				SWIFT_OPTIMIZATION_LEVEL = "-Onone";
			};
			name = Debug;
		};
		C19E54402BEBECA800DC7AF1 /* Release */ = {
			isa = XCBuildConfiguration;
			buildSettings = {
				ALWAYS_SEARCH_USER_PATHS = NO;
				ASSETCATALOG_COMPILER_GENERATE_SWIFT_ASSET_SYMBOL_EXTENSIONS = YES;
				CLANG_ANALYZER_NONNULL = YES;
				CLANG_ANALYZER_NUMBER_OBJECT_CONVERSION = YES_AGGRESSIVE;
				CLANG_CXX_LANGUAGE_STANDARD = "gnu++20";
				CLANG_ENABLE_MODULES = YES;
				CLANG_ENABLE_OBJC_ARC = YES;
				CLANG_ENABLE_OBJC_WEAK = YES;
				CLANG_WARN_BLOCK_CAPTURE_AUTORELEASING = YES;
				CLANG_WARN_BOOL_CONVERSION = YES;
				CLANG_WARN_COMMA = YES;
				CLANG_WARN_CONSTANT_CONVERSION = YES;
				CLANG_WARN_DEPRECATED_OBJC_IMPLEMENTATIONS = YES;
				CLANG_WARN_DIRECT_OBJC_ISA_USAGE = YES_ERROR;
				CLANG_WARN_DOCUMENTATION_COMMENTS = YES;
				CLANG_WARN_EMPTY_BODY = YES;
				CLANG_WARN_ENUM_CONVERSION = YES;
				CLANG_WARN_INFINITE_RECURSION = YES;
				CLANG_WARN_INT_CONVERSION = YES;
				CLANG_WARN_NON_LITERAL_NULL_CONVERSION = YES;
				CLANG_WARN_OBJC_IMPLICIT_RETAIN_SELF = YES;
				CLANG_WARN_OBJC_LITERAL_CONVERSION = YES;
				CLANG_WARN_OBJC_ROOT_CLASS = YES_ERROR;
				CLANG_WARN_QUOTED_INCLUDE_IN_FRAMEWORK_HEADER = YES;
				CLANG_WARN_RANGE_LOOP_ANALYSIS = YES;
				CLANG_WARN_STRICT_PROTOTYPES = YES;
				CLANG_WARN_SUSPICIOUS_MOVE = YES;
				CLANG_WARN_UNGUARDED_AVAILABILITY = YES_AGGRESSIVE;
				CLANG_WARN_UNREACHABLE_CODE = YES;
				CLANG_WARN__DUPLICATE_METHOD_MATCH = YES;
				COPY_PHASE_STRIP = NO;
				DEBUG_INFORMATION_FORMAT = "dwarf-with-dsym";
				ENABLE_NS_ASSERTIONS = NO;
				ENABLE_STRICT_OBJC_MSGSEND = YES;
				ENABLE_USER_SCRIPT_SANDBOXING = YES;
				GCC_C_LANGUAGE_STANDARD = gnu17;
				GCC_NO_COMMON_BLOCKS = YES;
				GCC_WARN_64_TO_32_BIT_CONVERSION = YES;
				GCC_WARN_ABOUT_RETURN_TYPE = YES_ERROR;
				GCC_WARN_UNDECLARED_SELECTOR = YES;
				GCC_WARN_UNINITIALIZED_AUTOS = YES_AGGRESSIVE;
				GCC_WARN_UNUSED_FUNCTION = YES;
				GCC_WARN_UNUSED_VARIABLE = YES;
				IPHONEOS_DEPLOYMENT_TARGET = 17.4;
				LOCALIZATION_PREFERS_STRING_CATALOGS = YES;
				MTL_ENABLE_DEBUG_INFO = NO;
				MTL_FAST_MATH = YES;
				SDKROOT = iphoneos;
				SWIFT_COMPILATION_MODE = wholemodule;
				VALIDATE_PRODUCT = YES;
			};
			name = Release;
		};
		C19E54422BEBECA800DC7AF1 /* Debug */ = {
			isa = XCBuildConfiguration;
			buildSettings = {
				ASSETCATALOG_COMPILER_APPICON_NAME = AppIcon;
				ASSETCATALOG_COMPILER_GLOBAL_ACCENT_COLOR_NAME = AccentColor;
				CODE_SIGN_STYLE = Automatic;
				CURRENT_PROJECT_VERSION = 1;
				DEVELOPMENT_ASSET_PATHS = "\"movemakers/Preview Content\"";
				ENABLE_PREVIEWS = YES;
				GENERATE_INFOPLIST_FILE = YES;
				INFOPLIST_KEY_UIApplicationSceneManifest_Generation = YES;
				INFOPLIST_KEY_UIApplicationSupportsIndirectInputEvents = YES;
				INFOPLIST_KEY_UILaunchScreen_Generation = YES;
				INFOPLIST_KEY_UISupportedInterfaceOrientations_iPad = "UIInterfaceOrientationPortrait UIInterfaceOrientationPortraitUpsideDown UIInterfaceOrientationLandscapeLeft UIInterfaceOrientationLandscapeRight";
				INFOPLIST_KEY_UISupportedInterfaceOrientations_iPhone = "UIInterfaceOrientationPortrait UIInterfaceOrientationLandscapeLeft UIInterfaceOrientationLandscapeRight";
				LD_RUNPATH_SEARCH_PATHS = (
					"$(inherited)",
					"@executable_path/Frameworks",
				);
				MARKETING_VERSION = 1.0;
				PRODUCT_BUNDLE_IDENTIFIER = app.movemakers.movemakers;
				PRODUCT_NAME = "$(TARGET_NAME)";
				SWIFT_EMIT_LOC_STRINGS = YES;
				SWIFT_VERSION = 5.0;
				TARGETED_DEVICE_FAMILY = "1,2";
			};
			name = Debug;
		};
		C19E54432BEBECA800DC7AF1 /* Release */ = {
			isa = XCBuildConfiguration;
			buildSettings = {
				ASSETCATALOG_COMPILER_APPICON_NAME = AppIcon;
				ASSETCATALOG_COMPILER_GLOBAL_ACCENT_COLOR_NAME = AccentColor;
				CODE_SIGN_STYLE = Automatic;
				CURRENT_PROJECT_VERSION = 1;
				DEVELOPMENT_ASSET_PATHS = "\"movemakers/Preview Content\"";
				ENABLE_PREVIEWS = YES;
				GENERATE_INFOPLIST_FILE = YES;
				INFOPLIST_KEY_UIApplicationSceneManifest_Generation = YES;
				INFOPLIST_KEY_UIApplicationSupportsIndirectInputEvents = YES;
				INFOPLIST_KEY_UILaunchScreen_Generation = YES;
				INFOPLIST_KEY_UISupportedInterfaceOrientations_iPad = "UIInterfaceOrientationPortrait UIInterfaceOrientationPortraitUpsideDown UIInterfaceOrientationLandscapeLeft UIInterfaceOrientationLandscapeRight";
				INFOPLIST_KEY_UISupportedInterfaceOrientations_iPhone = "UIInterfaceOrientationPortrait UIInterfaceOrientationLandscapeLeft UIInterfaceOrientationLandscapeRight";
				LD_RUNPATH_SEARCH_PATHS = (
					"$(inherited)",
					"@executable_path/Frameworks",
				);
				MARKETING_VERSION = 1.0;
				PRODUCT_BUNDLE_IDENTIFIER = app.movemakers.movemakers;
				PRODUCT_NAME = "$(TARGET_NAME)";
				SWIFT_EMIT_LOC_STRINGS = YES;
				SWIFT_VERSION = 5.0;
				TARGETED_DEVICE_FAMILY = "1,2";
			};
			name = Release;
		};
/* End XCBuildConfiguration section */

/* Begin XCConfigurationList section */
		C19E542E2BEBECA700DC7AF1 /* Build configuration list for PBXProject "movemakers" */ = {
			isa = XCConfigurationList;
			buildConfigurations = (
				C19E543F2BEBECA800DC7AF1 /* Debug */,
				C19E54402BEBECA800DC7AF1 /* Release */,
			);
			defaultConfigurationIsVisible = 0;
			defaultConfigurationName = Release;
		};
		C19E54412BEBECA800DC7AF1 /* Build configuration list for PBXNativeTarget "movemakers" */ = {
			isa = XCConfigurationList;
			buildConfigurations = (
				C19E54422BEBECA800DC7AF1 /* Debug */,
				C19E54432BEBECA800DC7AF1 /* Release */,
			);
			defaultConfigurationIsVisible = 0;
			defaultConfigurationName = Release;
		};
/* End XCConfigurationList section */
	};
	rootObject = C19E542B2BEBECA700DC7AF1 /* Project object */;
}
